
Microsoft Visual Studio Solution File, Format Version 12.00
# Visual Studio Version 16
VisualStudioVersion = 16.0.809.5
MinimumVisualStudioVersion = 10.0.40219.1
Project("{FAE04EC0-301F-11D3-BF4B-00C04F79EFBC}") = "Matrix", "Matrix\Matrix.csproj", "{396AC68E-9B35-4589-8C77-A3B492BB1184}"
EndProject
Global
	GlobalSection(SolutionConfigurationPlatforms) = preSolution
		Debug|Any CPU = Debug|Any CPU
		Release|Any CPU = Release|Any CPU
	EndGlobalSection
	GlobalSection(ProjectConfigurationPlatforms) = postSolution
		{396AC68E-9B35-4589-8C77-A3B492BB1184}.Debug|Any CPU.ActiveCfg = Debug|Any CPU
		{396AC68E-9B35-4589-8C77-A3B492BB1184}.Debug|Any CPU.Build.0 = Debug|Any CPU
		{396AC68E-9B35-4589-8C77-A3B492BB1184}.Release|Any CPU.ActiveCfg = Release|Any CPU
		{396AC68E-9B35-4589-8C77-A3B492BB1184}.Release|Any CPU.Build.0 = Release|Any CPU
	EndGlobalSection
	GlobalSection(SolutionProperties) = preSolution
		HideSolutionNode = FALSE
	EndGlobalSection
	GlobalSection(ExtensibilityGlobals) = postSolution
		SolutionGuid = {10A05D9A-375A-46D7-AB83-4D72BB3EAF85}
	EndGlobalSection
EndGlobal
